github.com/wuyongjia/hashmap v1.0.5/go.mod h1:na48ZyFhZiMmfDfoN0wkZolJojFSfyySeTq6et/GVqk=
github.com/wuyongjia/hashmap v1.0.6 h1:LyCoZvNFid2eVkPYKdSl/8NVzK1R5l3sjLFoOV3NQUQ=
github.com/wuyongjia/hashmap v1.0.6/go.mod h1:na48ZyFhZiMmfDfoN0wkZolJojFSfyySeTq6et/GVqk=
github.com/wuyongjia/pool v1.0.7 h1:rZpCULfV54GDEBHxvD2zh4L1qkJ5sTlyY6Z1q/iFbxo=
github.com/wuyongjia/pool v1.0.7/go.mod h1:DcdIaTv7byb19BkXhI3etGpMVAnFllOPStl/1k2FXyQ=
github.com/wuyongjia/threadpool v1.0.2 h1:9QTolxkYAB9ToCjxwPjIn9FoK1XHbd8n+ZzjwuBc3mA=
github.com/wuyongjia/threadpool v1.0.2/go.mod h1:iGlzWzmpKa+RJGbVTWuqJtey8pe7FdC589GdU0FeTjI=
golang.org/x/sys v0.0.0-20220204135822-1c1b9b1eba6a h1:ppl5mZgokTT8uPkmYOyEUmPTr3ypaKkg5eFOGrAmxxE=
golang.org/x/sys v0.0.0-20220204135822-1c1b9b1eba6a/go.mod h1:oPkhp1MJrh7nUepCBck5+mAzfO9JrbApNNgaTdGDITg=
