github.com/wuyongjia/pool v1.0.3 h1:ZVxJ1Zl3H40izRD+tgBARf8JVigpuNgccvOaWL/RLWc=
github.com/wuyongjia/pool v1.0.3/go.mod h1:LSvXIqcXlHtbYLCnHd8IVBHNAAKQiMPdlAzFXKE5jtE=
github.com/wuyongjia/threadpool v1.0.2 h1:9QTolxkYAB9ToCjxwPjIn9FoK1XHbd8n+ZzjwuBc3mA=
github.com/wuyongjia/threadpool v1.0.2/go.mod h1:iGlzWzmpKa+RJGbVTWuqJtey8pe7FdC589GdU0FeTjI=
golang.org/x/sys v0.0.0-20200808120158-1030fc2bf1d9 h1:yi1hN8dcqI9l8klZfy4B8mJvFmmAxJEePIQQFNSd7Cs=
golang.org/x/sys v0.0.0-20200808120158-1030fc2bf1d9/go.mod h1:h1NjWce9XRLGQEsW7wpKNCjG9DtNlClVuFLEZdDNbEs=
